
Microsoft Visual Studio Solution File, Format Version 12.00
# Visual Studio 14
VisualStudioVersion = 14.0.25420.1
MinimumVisualStudioVersion = 10.0.40219.1
Project("{FAE04EC0-301F-11D3-BF4B-00C04F79EFBC}") = "AGL-Code-Challenge", "AGL-Code-Challenge\AGL-Code-Challenge.csproj", "{D1B4DCDE-B00F-44D1-8F22-F74B77AD58B1}"
EndProject
Project("{FAE04EC0-301F-11D3-BF4B-00C04F79EFBC}") = "AGL-Code-Challenge-UnitTests", "AGL-Code-Challenge-UnitTests\AGL-Code-Challenge-UnitTests.csproj", "{1B5E452F-25D4-4B86-B454-340D99B03E5D}"
EndProject
Global
	GlobalSection(SolutionConfigurationPlatforms) = preSolution
		Debug|Any CPU = Debug|Any CPU
		Release|Any CPU = Release|Any CPU
	EndGlobalSection
	GlobalSection(ProjectConfigurationPlatforms) = postSolution
		{D1B4DCDE-B00F-44D1-8F22-F74B77AD58B1}.Debug|Any CPU.ActiveCfg = Debug|Any CPU
		{D1B4DCDE-B00F-44D1-8F22-F74B77AD58B1}.Debug|Any CPU.Build.0 = Debug|Any CPU
		{D1B4DCDE-B00F-44D1-8F22-F74B77AD58B1}.Release|Any CPU.ActiveCfg = Release|Any CPU
		{D1B4DCDE-B00F-44D1-8F22-F74B77AD58B1}.Release|Any CPU.Build.0 = Release|Any CPU
		{1B5E452F-25D4-4B86-B454-340D99B03E5D}.Debug|Any CPU.ActiveCfg = Debug|Any CPU
		{1B5E452F-25D4-4B86-B454-340D99B03E5D}.Debug|Any CPU.Build.0 = Debug|Any CPU
		{1B5E452F-25D4-4B86-B454-340D99B03E5D}.Release|Any CPU.ActiveCfg = Release|Any CPU
		{1B5E452F-25D4-4B86-B454-340D99B03E5D}.Release|Any CPU.Build.0 = Release|Any CPU
	EndGlobalSection
	GlobalSection(SolutionProperties) = preSolution
		HideSolutionNode = FALSE
	EndGlobalSection
EndGlobal
